<?xml version="1.0" encoding="UTF-8" standalone="yes" ?>
<CodeBlocks_project_file>
	<FileVersion major="1" minor="6" />
	<Project>
		<Option title="GenericCAM-win32" />
		<Option compiler="gcc" />
		<Build>
			<Target title="release">
				<Option output="bin_win/genericcam" prefix_auto="1" extension_auto="1" />
				<Option working_dir="bin_win" />
				<Option object_output="obj" />
				<Option type="1" />
				<Option compiler="gnu_gcc_compiler_mingw32-810-sjlj" />
				<Option projectLinkerOptionsRelation="2" />
				<Compiler>
					<Add option="-O2" />
					<Add directory="$wx/lib/gcc_dll/mswu" />
				</Compiler>
				<Linker>
					<Add option="-s" />
					<Add library="wxmsw31u" />
					<Add library="wxmsw31u_gl" />
					<Add library="lua52" />
				</Linker>
			</Target>
			<Target title="debug">
				<Option output="bin_win/debug/genericcam" prefix_auto="1" extension_auto="1" />
				<Option working_dir="bin_win" />
				<Option object_output="obj/debug/" />
				<Option type="1" />
				<Option compiler="gcc" />
				<Option projectLinkerOptionsRelation="2" />
				<Compiler>
					<Add option="-O2" />
					<Add option="-g" />
					<Add option="-D__WXDEBUG__" />
					<Add directory="$wx/lib/gcc_lib/mswud" />
				</Compiler>
				<Linker>
					<Add option="-s" />
					<Add library="wxmsw31u" />
					<Add library="wxmsw31u_gl" />
					<Add library="lua52" />
				</Linker>
			</Target>
			<Environment>
				<Variable name="lua" value="$(#lua52)" />
				<Variable name="wx" value="$(#wx313_810)" />
			</Environment>
		</Build>
		<Compiler>
			<Add option="-Wextra" />
			<Add option="-Wall" />
			<Add option="-Wno-sign-compare" />
			<Add option="-Wno-unused-parameter" />
			<Add option="-Wno-ignored-qualifiers" />
			<Add option="-Wno-write-strings" />
			<Add option="-D__WXMSW__" />
			<Add option="-D__WIN32__" />
			<Add option="-DUNICODE=0" />
			<Add directory="$wx/include" />
			<Add directory="$lua/include" />
			<Add directory="src" />
			<Add directory="src/3D" />
			<Add directory="src/controller" />
			<Add directory="src/gui" />
			<Add directory="src/math" />
			<Add directory="src/project" />
		</Compiler>
		<Linker>
			<Add option="-mthreads" />
			<Add library="ole32" />
			<Add library="oleaut32" />
			<Add library="uuid" />
			<Add library="winspool" />
			<Add library="comctl32" />
			<Add library="opengl32" />
			<Add library="glu32" />
			<Add library="gdi32" />
			<Add library="comdlg32" />
			<Add directory="$wx/lib/gcc_dll" />
			<Add directory="$lua/lib/gcc_dll" />
		</Linker>
		<Unit filename="infos/genericCam.his">
			<Option target="&lt;{~None~}&gt;" />
		</Unit>
		<Unit filename="src/3D/AffineTransformMatrix.cpp" />
		<Unit filename="src/3D/AffineTransformMatrix.h" />
		<Unit filename="src/3D/BooleanBox.cpp" />
		<Unit filename="src/3D/BooleanBox.h" />
		<Unit filename="src/3D/BoundingBox.cpp" />
		<Unit filename="src/3D/BoundingBox.h" />
		<Unit filename="src/3D/FileDXF.cpp" />
		<Unit filename="src/3D/FileDXF.h" />
		<Unit filename="src/3D/FileGTS.cpp" />
		<Unit filename="src/3D/FileGTS.h" />
		<Unit filename="src/3D/FileSTL.cpp" />
		<Unit filename="src/3D/FileSTL.h" />
		<Unit filename="src/3D/Geometry.cpp" />
		<Unit filename="src/3D/Geometry.h" />
		<Unit filename="src/3D/GeometryFileAbstract.cpp" />
		<Unit filename="src/3D/GeometryFileAbstract.h" />
		<Unit filename="src/3D/Hull.cpp" />
		<Unit filename="src/3D/Hull.h" />
		<Unit filename="src/3D/Octree.cpp" />
		<Unit filename="src/3D/Octree.h" />
		<Unit filename="src/3D/OctreeGenerator.cpp" />
		<Unit filename="src/3D/OctreeGenerator.h" />
		<Unit filename="src/3D/OpenGL.h" />
		<Unit filename="src/3D/OpenGLCanvas.cpp" />
		<Unit filename="src/3D/OpenGLCanvas.h" />
		<Unit filename="src/3D/OpenGLImage.cpp" />
		<Unit filename="src/3D/OpenGLImage.h" />
		<Unit filename="src/3D/OpenGLLight.cpp" />
		<Unit filename="src/3D/OpenGLLight.h" />
		<Unit filename="src/3D/OpenGLMaterial.cpp" />
		<Unit filename="src/3D/OpenGLMaterial.h" />
		<Unit filename="src/3D/OpenGLPick.cpp" />
		<Unit filename="src/3D/OpenGLPick.h" />
		<Unit filename="src/3D/Polygon25.cpp" />
		<Unit filename="src/3D/Polygon25.h" />
		<Unit filename="src/3D/Polygon3.cpp" />
		<Unit filename="src/3D/Polygon3.h" />
		<Unit filename="src/3D/Quadtree.cpp" />
		<Unit filename="src/3D/Quadtree.h" />
		<Unit filename="src/3D/Triangle.cpp" />
		<Unit filename="src/3D/Triangle.h" />
		<Unit filename="src/3D/Vector3.cpp" />
		<Unit filename="src/3D/Vector3.h" />
		<Unit filename="src/Config.h" />
		<Unit filename="src/GenericCAM.cpp" />
		<Unit filename="src/GenericCAM.h" />
		<Unit filename="src/StdInclude.h" />
		<Unit filename="src/controller/Control3D.cpp" />
		<Unit filename="src/controller/Control3D.h" />
		<Unit filename="src/controller/Control3DAbstract.cpp" />
		<Unit filename="src/controller/Control3DAbstract.h" />
		<Unit filename="src/controller/ControlSpaceBall.cpp" />
		<Unit filename="src/controller/ControlSpaceBall.h" />
		<Unit filename="src/controller/ControlSpaceMouse.cpp" />
		<Unit filename="src/controller/ControlSpaceMouse.h" />
		<Unit filename="src/controller/ControlSpaceOrb.cpp" />
		<Unit filename="src/controller/ControlSpaceOrb.h" />
		<Unit filename="src/controller/DialogSetup6DOFController.cpp" />
		<Unit filename="src/controller/DialogSetup6DOFController.h" />
		<Unit filename="src/controller/MidiPort.cpp" />
		<Unit filename="src/controller/MidiPort.h" />
		<Unit filename="src/controller/SerialPort.cpp" />
		<Unit filename="src/controller/SerialPort.h" />
		<Unit filename="src/controller/guiSetup6DOFController.cpp" />
		<Unit filename="src/controller/guiSetup6DOFController.h" />
		<Unit filename="src/gui/CanvasMachine.cpp" />
		<Unit filename="src/gui/CanvasMachine.h" />
		<Unit filename="src/gui/CanvasMain.cpp" />
		<Unit filename="src/gui/CanvasMain.h" />
		<Unit filename="src/gui/CanvasStereoTest.cpp" />
		<Unit filename="src/gui/CanvasStereoTest.h" />
		<Unit filename="src/gui/CanvasTool.cpp" />
		<Unit filename="src/gui/CanvasTool.h" />
		<Unit filename="src/gui/CollectionFilepaths.cpp" />
		<Unit filename="src/gui/CollectionFilepaths.h" />
		<Unit filename="src/gui/CollectionUnits.cpp" />
		<Unit filename="src/gui/CollectionUnits.h" />
		<Unit filename="src/gui/DialogAnimation.cpp" />
		<Unit filename="src/gui/DialogAnimation.h" />
		<Unit filename="src/gui/DialogJobSetup.cpp" />
		<Unit filename="src/gui/DialogJobSetup.h" />
		<Unit filename="src/gui/DialogMachineControl.cpp" />
		<Unit filename="src/gui/DialogMachineControl.h" />
		<Unit filename="src/gui/DialogMachineDebugger.cpp" />
		<Unit filename="src/gui/DialogMachineDebugger.h" />
		<Unit filename="src/gui/DialogObjectTransformation.cpp" />
		<Unit filename="src/gui/DialogObjectTransformation.h" />
		<Unit filename="src/gui/DialogPostProcess.cpp" />
		<Unit filename="src/gui/DialogPostProcess.h" />
		<Unit filename="src/gui/DialogSetupMidi.cpp" />
		<Unit filename="src/gui/DialogSetupMidi.h" />
		<Unit filename="src/gui/DialogSetupPaths.cpp" />
		<Unit filename="src/gui/DialogSetupPaths.h" />
		<Unit filename="src/gui/DialogSetupStereo3D.cpp" />
		<Unit filename="src/gui/DialogSetupStereo3D.h" />
		<Unit filename="src/gui/DialogSetupUnits.cpp" />
		<Unit filename="src/gui/DialogSetupUnits.h" />
		<Unit filename="src/gui/DialogTestGCode.cpp" />
		<Unit filename="src/gui/DialogTestGCode.h" />
		<Unit filename="src/gui/DialogToolbox.cpp" />
		<Unit filename="src/gui/DialogToolbox.h" />
		<Unit filename="src/gui/DialogToolpathGenerator.cpp" />
		<Unit filename="src/gui/DialogToolpathGenerator.h" />
		<Unit filename="src/gui/DnDFile.cpp" />
		<Unit filename="src/gui/DnDFile.h" />
		<Unit filename="src/gui/FrameMain.cpp" />
		<Unit filename="src/gui/FrameMain.h" />
		<Unit filename="src/gui/FrameParent.cpp" />
		<Unit filename="src/gui/FrameParent.h" />
		<Unit filename="src/gui/IDs.h" />
		<Unit filename="src/gui/PanelTool.cpp" />
		<Unit filename="src/gui/PanelTool.h" />
		<Unit filename="src/gui/SettingsStereo3D.cpp" />
		<Unit filename="src/gui/SettingsStereo3D.h" />
		<Unit filename="src/gui/TreeItem.cpp" />
		<Unit filename="src/gui/TreeItem.h" />
		<Unit filename="src/gui/TreeSetup.cpp" />
		<Unit filename="src/gui/TreeSetup.h" />
		<Unit filename="src/gui/gui.cpp" />
		<Unit filename="src/gui/gui.h" />
		<Unit filename="src/gui/guiSetupStereo3D.cpp" />
		<Unit filename="src/gui/guiSetupStereo3D.h" />
		<Unit filename="src/languages.h" />
		<Unit filename="src/math/JSON.cpp" />
		<Unit filename="src/math/JSON.h" />
		<Unit filename="src/math/MathParser.cpp" />
		<Unit filename="src/math/MathParser.h" />
		<Unit filename="src/math/MatlabFile.cpp" />
		<Unit filename="src/math/MatlabFile.h" />
		<Unit filename="src/math/MatlabMatrix.cpp" />
		<Unit filename="src/math/MatlabMatrix.h" />
		<Unit filename="src/math/NelderMeadOptimizer.cpp" />
		<Unit filename="src/math/NelderMeadOptimizer.h" />
		<Unit filename="src/math/Unit.cpp" />
		<Unit filename="src/math/Unit.h" />
		<Unit filename="src/project/Object.cpp" />
		<Unit filename="src/project/Object.h" />
		<Unit filename="src/project/Project.cpp" />
		<Unit filename="src/project/Project.h" />
		<Unit filename="src/project/ProjectView.cpp" />
		<Unit filename="src/project/ProjectView.h" />
		<Unit filename="src/project/Run.cpp" />
		<Unit filename="src/project/Run.h" />
		<Unit filename="src/project/Selection.cpp" />
		<Unit filename="src/project/Selection.h" />
		<Unit filename="src/project/Tool.cpp" />
		<Unit filename="src/project/Tool.h" />
		<Unit filename="src/project/ToolBox.cpp" />
		<Unit filename="src/project/ToolBox.h" />
		<Unit filename="src/project/command/CommandObjectLoad.cpp" />
		<Unit filename="src/project/command/CommandObjectLoad.h" />
		<Unit filename="src/project/command/CommandObjectRemove.cpp" />
		<Unit filename="src/project/command/CommandObjectRemove.h" />
		<Unit filename="src/project/command/CommandObjectRename.cpp" />
		<Unit filename="src/project/command/CommandObjectRename.h" />
		<Unit filename="src/project/command/CommandObjectTransform.cpp" />
		<Unit filename="src/project/command/CommandObjectTransform.h" />
		<Unit filename="src/project/command/CommandProjectRename.cpp" />
		<Unit filename="src/project/command/CommandProjectRename.h" />
		<Unit filename="src/project/command/CommandRunAdd.cpp" />
		<Unit filename="src/project/command/CommandRunAdd.h" />
		<Unit filename="src/project/command/CommandRunGeneratorAdd.cpp" />
		<Unit filename="src/project/command/CommandRunGeneratorAdd.h" />
		<Unit filename="src/project/command/CommandRunGeneratorDelete.cpp" />
		<Unit filename="src/project/command/CommandRunGeneratorDelete.h" />
		<Unit filename="src/project/command/CommandRunGeneratorRename.cpp" />
		<Unit filename="src/project/command/CommandRunGeneratorRename.h" />
		<Unit filename="src/project/command/CommandRunGeneratorUpdate.cpp" />
		<Unit filename="src/project/command/CommandRunGeneratorUpdate.h" />
		<Unit filename="src/project/command/CommandRunMachineSet.cpp" />
		<Unit filename="src/project/command/CommandRunMachineSet.h" />
		<Unit filename="src/project/command/CommandRunRemove.cpp" />
		<Unit filename="src/project/command/CommandRunRemove.h" />
		<Unit filename="src/project/command/CommandRunRename.cpp" />
		<Unit filename="src/project/command/CommandRunRename.h" />
		<Unit filename="src/project/command/CommandRunSetBoundingBox.cpp" />
		<Unit filename="src/project/command/CommandRunSetBoundingBox.h" />
		<Unit filename="src/project/command/CommandRunSetCorrdinateSystem.cpp" />
		<Unit filename="src/project/command/CommandRunSetCorrdinateSystem.h" />
		<Unit filename="src/project/command/CommandRunSetObject.cpp" />
		<Unit filename="src/project/command/CommandRunSetObject.h" />
		<Unit filename="src/project/command/CommandRunSetStockBox.cpp" />
		<Unit filename="src/project/command/CommandRunSetStockBox.h" />
		<Unit filename="src/project/command/CommandRunSetStockObject.cpp" />
		<Unit filename="src/project/command/CommandRunSetStockObject.h" />
		<Unit filename="src/project/command/CommandRunSetStockOrigin.cpp" />
		<Unit filename="src/project/command/CommandRunSetStockOrigin.h" />
		<Unit filename="src/project/command/CommandRunSetStockType.cpp" />
		<Unit filename="src/project/command/CommandRunSetStockType.h" />
		<Unit filename="src/project/generator/CNCPosition.cpp" />
		<Unit filename="src/project/generator/CNCPosition.h" />
		<Unit filename="src/project/generator/CNCSimulator.cpp" />
		<Unit filename="src/project/generator/CNCSimulator.h" />
		<Unit filename="src/project/generator/DexelTarget.cpp" />
		<Unit filename="src/project/generator/DexelTarget.h" />
		<Unit filename="src/project/generator/Direction.cpp" />
		<Unit filename="src/project/generator/Direction.h" />
		<Unit filename="src/project/generator/Field.cpp" />
		<Unit filename="src/project/generator/Field.h" />
		<Unit filename="src/project/generator/GCodeBlock.cpp" />
		<Unit filename="src/project/generator/GCodeBlock.h" />
		<Unit filename="src/project/generator/Generator.cpp" />
		<Unit filename="src/project/generator/Generator.h" />
		<Unit filename="src/project/generator/GeneratorAreaGridDexel.cpp" />
		<Unit filename="src/project/generator/GeneratorAreaGridDexel.h" />
		<Unit filename="src/project/generator/GeneratorAreaMillingDynamic.cpp" />
		<Unit filename="src/project/generator/GeneratorAreaMillingDynamic.h" />
		<Unit filename="src/project/generator/GeneratorDexel.cpp" />
		<Unit filename="src/project/generator/GeneratorDexel.h" />
		<Unit filename="src/project/generator/GeneratorDrillDexel.cpp" />
		<Unit filename="src/project/generator/GeneratorDrillDexel.h" />
		<Unit filename="src/project/generator/GeneratorFactory.cpp" />
		<Unit filename="src/project/generator/GeneratorFactory.h" />
		<Unit filename="src/project/generator/GeneratorLoadFromFile.cpp" />
		<Unit filename="src/project/generator/GeneratorLoadFromFile.h" />
		<Unit filename="src/project/generator/GeneratorOutlineDexel.cpp" />
		<Unit filename="src/project/generator/GeneratorOutlineDexel.h" />
		<Unit filename="src/project/generator/GeneratorSurfaceDexel.cpp" />
		<Unit filename="src/project/generator/GeneratorSurfaceDexel.h" />
		<Unit filename="src/project/generator/GeneratorTest.cpp" />
		<Unit filename="src/project/generator/GeneratorTest.h" />
		<Unit filename="src/project/generator/Imprinter.cpp" />
		<Unit filename="src/project/generator/Imprinter.h" />
		<Unit filename="src/project/generator/ProtoToolpath.cpp" />
		<Unit filename="src/project/generator/ProtoToolpath.h" />
		<Unit filename="src/project/generator/VoxelVolume.cpp" />
		<Unit filename="src/project/generator/VoxelVolume.h" />
		<Unit filename="src/project/machine/LUACodeEvaluator.cpp" />
		<Unit filename="src/project/machine/LUACodeEvaluator.h" />
		<Unit filename="src/project/machine/Machine.cpp" />
		<Unit filename="src/project/machine/Machine.h" />
		<Unit filename="src/project/machine/MachineComponent.cpp" />
		<Unit filename="src/project/machine/MachineComponent.h" />
		<Unit filename="src/project/post/CollectionPostProcessor.cpp" />
		<Unit filename="src/project/post/CollectionPostProcessor.h" />
		<Unit filename="src/project/post/GenericPostProcessor.cpp" />
		<Unit filename="src/project/post/GenericPostProcessor.h" />
		<Unit filename="src/project/post/LUAPostProcessor.cpp" />
		<Unit filename="src/project/post/LUAPostProcessor.h" />
		<Unit filename="src/project/post/PostProcessor.cpp" />
		<Unit filename="src/project/post/PostProcessor.h" />
		<Unit filename="src/test/TestSelection.cpp" />
		<Unit filename="src/test/TestSelection.h" />
		<Unit filename="src/test/test.cpp" />
		<Unit filename="src/test/test.h" />
		<Extensions>
			<DoxyBlocks>
				<comment_style block="0" line="0" />
				<doxyfile_project />
				<doxyfile_build />
				<doxyfile_warnings />
				<doxyfile_output />
				<doxyfile_dot />
				<general />
			</DoxyBlocks>
		</Extensions>
	</Project>
</CodeBlocks_project_file>
