<?xml version="1.0" encoding="UTF-8" standalone="yes" ?>
<CodeBlocks_project_file>
	<FileVersion major="1" minor="6" />
	<Project>
		<Option title="GenericCAM" />
		<Option makefile_is_custom="1" />
		<Option compiler="gcc" />
		<Build>
			<Target title="Release">
				<Option output="genericcam" prefix_auto="1" extension_auto="1" />
				<Option object_output="obj/Release/" />
				<Option type="1" />
				<Option compiler="gcc" />
				<Option projectLinkerOptionsRelation="2" />
				<Compiler>
					<Add option="-O2" />
				</Compiler>
				<Linker>
					<Add option="-s" />
				</Linker>
			</Target>
		</Build>
		<Compiler>
			<Add option="`wx-config --cflags`" />
			<Add option="-Winvalid-pch" />
			<Add option="-include wx_pch.h" />
			<Add option="-DWX_PRECOMP" />
			<Add option="-Wall" />
		</Compiler>
		<Linker>
			<Add option="`wx-config --libs`" />
		</Linker>
		<Unit filename="src/3D/AffineTransformMatrix.cpp" />
		<Unit filename="src/3D/AffineTransformMatrix.h" />
		<Unit filename="src/3D/BoundingBox.cpp" />
		<Unit filename="src/3D/BoundingBox.h" />
		<Unit filename="src/3D/FileDXF.cpp" />
		<Unit filename="src/3D/FileDXF.h" />
		<Unit filename="src/3D/FileGTS.cpp" />
		<Unit filename="src/3D/FileGTS.h" />
		<Unit filename="src/3D/FileSTL.cpp" />
		<Unit filename="src/3D/FileSTL.h" />
		<Unit filename="src/3D/Geometry.cpp" />
		<Unit filename="src/3D/Geometry.h" />
		<Unit filename="src/3D/GeometryFileAbstract.cpp" />
		<Unit filename="src/3D/GeometryFileAbstract.h" />
		<Unit filename="src/3D/IKSolver.cpp" />
		<Unit filename="src/3D/IKSolver.h" />
		<Unit filename="src/3D/OpenGLCanvas.cpp" />
		<Unit filename="src/3D/OpenGLCanvas.h" />
		<Unit filename="src/3D/Polygon3.cpp" />
		<Unit filename="src/3D/Polygon3.h" />
		<Unit filename="src/3D/Surface.cpp" />
		<Unit filename="src/3D/Surface.h" />
		<Unit filename="src/3D/Triangle.cpp" />
		<Unit filename="src/3D/Triangle.h" />
		<Unit filename="src/3D/Vector3.cpp" />
		<Unit filename="src/3D/Vector3.h" />
		<Unit filename="src/Config.h" />
		<Unit filename="src/GenericCAM.cpp" />
		<Unit filename="src/GenericCAM.h" />
		<Unit filename="src/StdInclude.h" />
		<Unit filename="src/controller/Control3D.cpp" />
		<Unit filename="src/controller/Control3D.h" />
		<Unit filename="src/controller/Control3DAbstract.cpp" />
		<Unit filename="src/controller/Control3DAbstract.h" />
		<Unit filename="src/controller/ControlSpaceBall.cpp" />
		<Unit filename="src/controller/ControlSpaceBall.h" />
		<Unit filename="src/controller/ControlSpaceMouse.cpp" />
		<Unit filename="src/controller/ControlSpaceMouse.h" />
		<Unit filename="src/controller/ControlSpaceOrb.cpp" />
		<Unit filename="src/controller/ControlSpaceOrb.h" />
		<Unit filename="src/controller/SerialPort.cpp" />
		<Unit filename="src/controller/SerialPort.h" />
		<Unit filename="src/generator/Imprinter.cpp" />
		<Unit filename="src/generator/Imprinter.h" />
		<Unit filename="src/generator/Polygon25.cpp" />
		<Unit filename="src/generator/Polygon25.h" />
		<Unit filename="src/generator/TPGeneratorTest.cpp" />
		<Unit filename="src/generator/TPGeneratorTest.h" />
		<Unit filename="src/gui/AboutDialog.cpp" />
		<Unit filename="src/gui/AboutDialog.h" />
		<Unit filename="src/gui/AnimationFrame.cpp" />
		<Unit filename="src/gui/AnimationFrame.h" />
		<Unit filename="src/gui/Control6DOFDialog.cpp" />
		<Unit filename="src/gui/Control6DOFDialog.h" />
		<Unit filename="src/gui/DataCanvas.cpp" />
		<Unit filename="src/gui/DataCanvas.h" />
		<Unit filename="src/gui/ErrorFrame.cpp" />
		<Unit filename="src/gui/ErrorFrame.h" />
		<Unit filename="src/gui/MainCanvas.cpp" />
		<Unit filename="src/gui/MainCanvas.h" />
		<Unit filename="src/gui/MainFrame.cpp" />
		<Unit filename="src/gui/MainFrame.h" />
		<Unit filename="src/gui/ObjectFrame.cpp" />
		<Unit filename="src/gui/ObjectFrame.h" />
		<Unit filename="src/gui/StockFrame.cpp" />
		<Unit filename="src/gui/StockFrame.h" />
		<Unit filename="src/gui/TargetDialog.cpp" />
		<Unit filename="src/gui/TargetDialog.h" />
		<Unit filename="src/gui/ToolCanvas.cpp" />
		<Unit filename="src/gui/ToolCanvas.h" />
		<Unit filename="src/gui/ToolPanel.cpp" />
		<Unit filename="src/gui/ToolPanel.h" />
		<Unit filename="src/gui/ToolboxFrame.cpp" />
		<Unit filename="src/gui/ToolboxFrame.h" />
		<Unit filename="src/gui/UnitDialog.cpp" />
		<Unit filename="src/gui/UnitDialog.h" />
		<Unit filename="src/gui/gui.cpp" />
		<Unit filename="src/gui/gui.h" />
		<Unit filename="src/machine/LUACodeEvaluator.cpp" />
		<Unit filename="src/machine/LUACodeEvaluator.h" />
		<Unit filename="src/machine/Machine.cpp" />
		<Unit filename="src/machine/Machine.h" />
		<Unit filename="src/machine/MachineComponent.cpp" />
		<Unit filename="src/machine/MachineComponent.h" />
		<Unit filename="src/machine/MachinePosition.cpp" />
		<Unit filename="src/machine/MachinePosition.h" />
		<Unit filename="src/machine/Tool.cpp" />
		<Unit filename="src/machine/Tool.h" />
		<Unit filename="src/machine/ToolElement.cpp" />
		<Unit filename="src/machine/ToolElement.h" />
		<Unit filename="src/project/Object.cpp" />
		<Unit filename="src/project/Object.h" />
		<Unit filename="src/project/Project.cpp" />
		<Unit filename="src/project/Project.h" />
		<Unit filename="src/project/Run.cpp" />
		<Unit filename="src/project/Run.h" />
		<Unit filename="src/project/Stock.cpp" />
		<Unit filename="src/project/Stock.h" />
		<Unit filename="src/project/StockMaterial.cpp" />
		<Unit filename="src/project/StockMaterial.h" />
		<Unit filename="src/project/Target.cpp" />
		<Unit filename="src/project/Target.h" />
		<Unit filename="src/project/TargetPlacement.cpp" />
		<Unit filename="src/project/TargetPlacement.h" />
		<Unit filename="src/project/Toolbox.cpp" />
		<Unit filename="src/project/Toolbox.h" />
		<Unit filename="src/project/Unit.cpp" />
		<Unit filename="src/project/Unit.h" />
		<Unit filename="src/simulator/MachineSimulator.cpp" />
		<Unit filename="src/simulator/MachineSimulator.h" />
		<Unit filename="src/simulator/ToolPath.cpp" />
		<Unit filename="src/simulator/ToolPath.h" />
		<Unit filename="src/simulator/Workpiece.cpp" />
		<Unit filename="src/simulator/Workpiece.h" />
		<Extensions>
			<code_completion />
			<debugger />
		</Extensions>
	</Project>
</CodeBlocks_project_file>
